
Microsoft Visual Studio Solution File, Format Version 12.00
# Visual Studio 15
VisualStudioVersion = 15.0.26124.0
MinimumVisualStudioVersion = 15.0.26124.0
Project("{2150E333-8FDC-42A3-9474-1A3956D46DE8}") = "src", "src", "{BC601F8E-99D3-4A3B-A601-59A4051FA6F3}"
EndProject
Project("{F2A71F9B-5D33-465A-A702-920D77279786}") = "Cli", "src\Cli\Cli.fsproj", "{D8C2A680-13CF-445E-9F88-78AE4B2615B0}"
EndProject
Project("{F2A71F9B-5D33-465A-A702-920D77279786}") = "Tests", "src\Tests\Tests.fsproj", "{F62056FF-FCF0-4C7B-9FF2-435CE0E58620}"
EndProject
Project("{F2A71F9B-5D33-465A-A702-920D77279786}") = "Common", "src\Common\Common.fsproj", "{518AB723-2279-4231-982D-65AAC59D09A8}"
EndProject
Project("{F2A71F9B-5D33-465A-A702-920D77279786}") = "Services", "src\Services\Services.fsproj", "{F872574F-13E8-4E0D-966E-BD72D36133C2}"
EndProject
Global
	GlobalSection(SolutionConfigurationPlatforms) = preSolution
		Debug|Any CPU = Debug|Any CPU
		Debug|x64 = Debug|x64
		Debug|x86 = Debug|x86
		Release|Any CPU = Release|Any CPU
		Release|x64 = Release|x64
		Release|x86 = Release|x86
	EndGlobalSection
	GlobalSection(SolutionProperties) = preSolution
		HideSolutionNode = FALSE
	EndGlobalSection
	GlobalSection(ProjectConfigurationPlatforms) = postSolution
		{D8C2A680-13CF-445E-9F88-78AE4B2615B0}.Debug|Any CPU.ActiveCfg = Debug|Any CPU
		{D8C2A680-13CF-445E-9F88-78AE4B2615B0}.Debug|Any CPU.Build.0 = Debug|Any CPU
		{D8C2A680-13CF-445E-9F88-78AE4B2615B0}.Debug|x64.ActiveCfg = Debug|Any CPU
		{D8C2A680-13CF-445E-9F88-78AE4B2615B0}.Debug|x64.Build.0 = Debug|Any CPU
		{D8C2A680-13CF-445E-9F88-78AE4B2615B0}.Debug|x86.ActiveCfg = Debug|Any CPU
		{D8C2A680-13CF-445E-9F88-78AE4B2615B0}.Debug|x86.Build.0 = Debug|Any CPU
		{D8C2A680-13CF-445E-9F88-78AE4B2615B0}.Release|Any CPU.ActiveCfg = Release|Any CPU
		{D8C2A680-13CF-445E-9F88-78AE4B2615B0}.Release|Any CPU.Build.0 = Release|Any CPU
		{D8C2A680-13CF-445E-9F88-78AE4B2615B0}.Release|x64.ActiveCfg = Release|Any CPU
		{D8C2A680-13CF-445E-9F88-78AE4B2615B0}.Release|x64.Build.0 = Release|Any CPU
		{D8C2A680-13CF-445E-9F88-78AE4B2615B0}.Release|x86.ActiveCfg = Release|Any CPU
		{D8C2A680-13CF-445E-9F88-78AE4B2615B0}.Release|x86.Build.0 = Release|Any CPU
		{F62056FF-FCF0-4C7B-9FF2-435CE0E58620}.Debug|Any CPU.ActiveCfg = Debug|Any CPU
		{F62056FF-FCF0-4C7B-9FF2-435CE0E58620}.Debug|Any CPU.Build.0 = Debug|Any CPU
		{F62056FF-FCF0-4C7B-9FF2-435CE0E58620}.Debug|x64.ActiveCfg = Debug|Any CPU
		{F62056FF-FCF0-4C7B-9FF2-435CE0E58620}.Debug|x64.Build.0 = Debug|Any CPU
		{F62056FF-FCF0-4C7B-9FF2-435CE0E58620}.Debug|x86.ActiveCfg = Debug|Any CPU
		{F62056FF-FCF0-4C7B-9FF2-435CE0E58620}.Debug|x86.Build.0 = Debug|Any CPU
		{F62056FF-FCF0-4C7B-9FF2-435CE0E58620}.Release|Any CPU.ActiveCfg = Release|Any CPU
		{F62056FF-FCF0-4C7B-9FF2-435CE0E58620}.Release|Any CPU.Build.0 = Release|Any CPU
		{F62056FF-FCF0-4C7B-9FF2-435CE0E58620}.Release|x64.ActiveCfg = Release|Any CPU
		{F62056FF-FCF0-4C7B-9FF2-435CE0E58620}.Release|x64.Build.0 = Release|Any CPU
		{F62056FF-FCF0-4C7B-9FF2-435CE0E58620}.Release|x86.ActiveCfg = Release|Any CPU
		{F62056FF-FCF0-4C7B-9FF2-435CE0E58620}.Release|x86.Build.0 = Release|Any CPU
		{518AB723-2279-4231-982D-65AAC59D09A8}.Debug|Any CPU.ActiveCfg = Debug|Any CPU
		{518AB723-2279-4231-982D-65AAC59D09A8}.Debug|Any CPU.Build.0 = Debug|Any CPU
		{518AB723-2279-4231-982D-65AAC59D09A8}.Debug|x64.ActiveCfg = Debug|Any CPU
		{518AB723-2279-4231-982D-65AAC59D09A8}.Debug|x64.Build.0 = Debug|Any CPU
		{518AB723-2279-4231-982D-65AAC59D09A8}.Debug|x86.ActiveCfg = Debug|Any CPU
		{518AB723-2279-4231-982D-65AAC59D09A8}.Debug|x86.Build.0 = Debug|Any CPU
		{518AB723-2279-4231-982D-65AAC59D09A8}.Release|Any CPU.ActiveCfg = Release|Any CPU
		{518AB723-2279-4231-982D-65AAC59D09A8}.Release|Any CPU.Build.0 = Release|Any CPU
		{518AB723-2279-4231-982D-65AAC59D09A8}.Release|x64.ActiveCfg = Release|Any CPU
		{518AB723-2279-4231-982D-65AAC59D09A8}.Release|x64.Build.0 = Release|Any CPU
		{518AB723-2279-4231-982D-65AAC59D09A8}.Release|x86.ActiveCfg = Release|Any CPU
		{518AB723-2279-4231-982D-65AAC59D09A8}.Release|x86.Build.0 = Release|Any CPU
		{F872574F-13E8-4E0D-966E-BD72D36133C2}.Debug|Any CPU.ActiveCfg = Debug|Any CPU
		{F872574F-13E8-4E0D-966E-BD72D36133C2}.Debug|Any CPU.Build.0 = Debug|Any CPU
		{F872574F-13E8-4E0D-966E-BD72D36133C2}.Debug|x64.ActiveCfg = Debug|Any CPU
		{F872574F-13E8-4E0D-966E-BD72D36133C2}.Debug|x64.Build.0 = Debug|Any CPU
		{F872574F-13E8-4E0D-966E-BD72D36133C2}.Debug|x86.ActiveCfg = Debug|Any CPU
		{F872574F-13E8-4E0D-966E-BD72D36133C2}.Debug|x86.Build.0 = Debug|Any CPU
		{F872574F-13E8-4E0D-966E-BD72D36133C2}.Release|Any CPU.ActiveCfg = Release|Any CPU
		{F872574F-13E8-4E0D-966E-BD72D36133C2}.Release|Any CPU.Build.0 = Release|Any CPU
		{F872574F-13E8-4E0D-966E-BD72D36133C2}.Release|x64.ActiveCfg = Release|Any CPU
		{F872574F-13E8-4E0D-966E-BD72D36133C2}.Release|x64.Build.0 = Release|Any CPU
		{F872574F-13E8-4E0D-966E-BD72D36133C2}.Release|x86.ActiveCfg = Release|Any CPU
		{F872574F-13E8-4E0D-966E-BD72D36133C2}.Release|x86.Build.0 = Release|Any CPU
	EndGlobalSection
	GlobalSection(NestedProjects) = preSolution
		{D8C2A680-13CF-445E-9F88-78AE4B2615B0} = {BC601F8E-99D3-4A3B-A601-59A4051FA6F3}
		{F62056FF-FCF0-4C7B-9FF2-435CE0E58620} = {BC601F8E-99D3-4A3B-A601-59A4051FA6F3}
		{518AB723-2279-4231-982D-65AAC59D09A8} = {BC601F8E-99D3-4A3B-A601-59A4051FA6F3}
		{F872574F-13E8-4E0D-966E-BD72D36133C2} = {BC601F8E-99D3-4A3B-A601-59A4051FA6F3}
	EndGlobalSection
EndGlobal
